
Microsoft Visual Studio Solution File, Format Version 12.00
# Visual Studio Version 16
VisualStudioVersion = 16.0.31005.135
MinimumVisualStudioVersion = 10.0.40219.1
Project("{FAE04EC0-301F-11D3-BF4B-00C04F79EFBC}") = "Atividade1", "Atividade1\Atividade1.csproj", "{061A8C54-96F2-40F4-9A75-643544673312}"
EndProject
Global
	GlobalSection(SolutionConfigurationPlatforms) = preSolution
		Debug|Any CPU = Debug|Any CPU
		Release|Any CPU = Release|Any CPU
	EndGlobalSection
	GlobalSection(ProjectConfigurationPlatforms) = postSolution
		{061A8C54-96F2-40F4-9A75-643544673312}.Debug|Any CPU.ActiveCfg = Debug|Any CPU
		{061A8C54-96F2-40F4-9A75-643544673312}.Debug|Any CPU.Build.0 = Debug|Any CPU
		{061A8C54-96F2-40F4-9A75-643544673312}.Release|Any CPU.ActiveCfg = Release|Any CPU
		{061A8C54-96F2-40F4-9A75-643544673312}.Release|Any CPU.Build.0 = Release|Any CPU
	EndGlobalSection
	GlobalSection(SolutionProperties) = preSolution
		HideSolutionNode = FALSE
	EndGlobalSection
	GlobalSection(ExtensibilityGlobals) = postSolution
		SolutionGuid = {85620789-6960-4376-B979-FBC984709E76}
	EndGlobalSection
EndGlobal
